
Microsoft Visual Studio Solution File, Format Version 12.00
# Visual Studio Version 17
VisualStudioVersion = 17.11.35312.102
MinimumVisualStudioVersion = 10.0.40219.1
Project("{FAE04EC0-301F-11D3-BF4B-00C04F79EFBC}") = "App usuarios", "App usuarios\App usuarios.csproj", "{F1738DD5-BD44-4F4B-B5AA-ADE08ADDC2EA}"
EndProject
Global
	GlobalSection(SolutionConfigurationPlatforms) = preSolution
		Debug|Any CPU = Debug|Any CPU
		Release|Any CPU = Release|Any CPU
	EndGlobalSection
	GlobalSection(ProjectConfigurationPlatforms) = postSolution
		{F1738DD5-BD44-4F4B-B5AA-ADE08ADDC2EA}.Debug|Any CPU.ActiveCfg = Debug|Any CPU
		{F1738DD5-BD44-4F4B-B5AA-ADE08ADDC2EA}.Debug|Any CPU.Build.0 = Debug|Any CPU
		{F1738DD5-BD44-4F4B-B5AA-ADE08ADDC2EA}.Release|Any CPU.ActiveCfg = Release|Any CPU
		{F1738DD5-BD44-4F4B-B5AA-ADE08ADDC2EA}.Release|Any CPU.Build.0 = Release|Any CPU
	EndGlobalSection
	GlobalSection(SolutionProperties) = preSolution
		HideSolutionNode = FALSE
	EndGlobalSection
	GlobalSection(ExtensibilityGlobals) = postSolution
		SolutionGuid = {ED468928-180D-427B-81E1-26C43F815C59}
	EndGlobalSection
EndGlobal
